
Microsoft Visual Studio Solution File, Format Version 12.00
# Visual Studio Version 17
VisualStudioVersion = 17.9.34607.119
MinimumVisualStudioVersion = 10.0.40219.1
Project("{FAE04EC0-301F-11D3-BF4B-00C04F79EFBC}") = "AdventOfCode", "AdventOfCode\AdventOfCode.csproj", "{69EA0C02-9413-4BA1-AE13-860546A84E37}"
EndProject
Global
	GlobalSection(SolutionConfigurationPlatforms) = preSolution
		Debug|Any CPU = Debug|Any CPU
		Release|Any CPU = Release|Any CPU
	EndGlobalSection
	GlobalSection(ProjectConfigurationPlatforms) = postSolution
		{69EA0C02-9413-4BA1-AE13-860546A84E37}.Debug|Any CPU.ActiveCfg = Debug|Any CPU
		{69EA0C02-9413-4BA1-AE13-860546A84E37}.Debug|Any CPU.Build.0 = Debug|Any CPU
		{69EA0C02-9413-4BA1-AE13-860546A84E37}.Release|Any CPU.ActiveCfg = Release|Any CPU
		{69EA0C02-9413-4BA1-AE13-860546A84E37}.Release|Any CPU.Build.0 = Release|Any CPU
	EndGlobalSection
	GlobalSection(SolutionProperties) = preSolution
		HideSolutionNode = FALSE
	EndGlobalSection
	GlobalSection(ExtensibilityGlobals) = postSolution
		SolutionGuid = {17A86FB3-F446-4BF5-A729-BA040A570C64}
	EndGlobalSection
EndGlobal
